// !$*UTF8*$!
{
	archiveVersion = 1;
	classes = {
	};
	objectVersion = 56;
	objects = {

/* Begin PBXBuildFile section */
		052C0E0C2A3412B60086C3E2 /* ProfileEditor.swift in Sources */ = {isa = PBXBuildFile; fileRef = 052C0E0B2A3412B60086C3E2 /* ProfileEditor.swift */; };
		0536EB0A2A54EE58008B0114 /* LandmarkRow.swift in Sources */ = {isa = PBXBuildFile; fileRef = 053F9A922A05699900D1887B /* LandmarkRow.swift */; };
		053B944B2A0C0138000E0CA7 /* LandmarkDetail.swift in Sources */ = {isa = PBXBuildFile; fileRef = 053B944A2A0C0138000E0CA7 /* LandmarkDetail.swift */; };
		053F9A8A2A05603200D1887B /* landmarkData.json in Resources */ = {isa = PBXBuildFile; fileRef = 053F9A892A05603200D1887B /* landmarkData.json */; };
		053F9A8C2A05604B00D1887B /* Landmark.swift in Sources */ = {isa = PBXBuildFile; fileRef = 053F9A8B2A05604B00D1887B /* Landmark.swift */; };
		053F9A8E2A0561C900D1887B /* ModelData.swift in Sources */ = {isa = PBXBuildFile; fileRef = 053F9A8D2A0561C900D1887B /* ModelData.swift */; };
		053F9A932A05699900D1887B /* LandmarkRow.swift in Sources */ = {isa = PBXBuildFile; fileRef = 053F9A922A05699900D1887B /* LandmarkRow.swift */; };
		053F9A952A056BE600D1887B /* LandmarkList.swift in Sources */ = {isa = PBXBuildFile; fileRef = 053F9A942A056BE600D1887B /* LandmarkList.swift */; };
		054784CF2A63D1D1003C2E4A /* PushNotificationPayload.apns in Resources */ = {isa = PBXBuildFile; fileRef = 054784CE2A63D1D1003C2E4A /* PushNotificationPayload.apns */; };
		054784D12A63D263003C2E4A /* Info.plist in Resources */ = {isa = PBXBuildFile; fileRef = 054784D02A63D262003C2E4A /* Info.plist */; };
		0547D99B2A15CBEA007BDD5D /* Badge.swift in Sources */ = {isa = PBXBuildFile; fileRef = 0547D99A2A15CBEA007BDD5D /* Badge.swift */; };
		055D0A072A63BAF300B89246 /* NotificationView.swift in Sources */ = {isa = PBXBuildFile; fileRef = 055D0A062A63BAF300B89246 /* NotificationView.swift */; };
		055D0A092A63BC6B00B89246 /* NotificationController.swift in Sources */ = {isa = PBXBuildFile; fileRef = 055D0A082A63BC6B00B89246 /* NotificationController.swift */; };
		0565EED92A33C7C400DA5786 /* CategoryHome.swift in Sources */ = {isa = PBXBuildFile; fileRef = 0565EED82A33C7C400DA5786 /* CategoryHome.swift */; };
		0565EEDB2A33CEAC00DA5786 /* CategoryRow.swift in Sources */ = {isa = PBXBuildFile; fileRef = 0565EEDA2A33CEAC00DA5786 /* CategoryRow.swift */; };
		0565EEDD2A33D0A600DA5786 /* CategoryItem.swift in Sources */ = {isa = PBXBuildFile; fileRef = 0565EEDC2A33D0A600DA5786 /* CategoryItem.swift */; };
		0565EEDF2A33DA3500DA5786 /* Profile.swift in Sources */ = {isa = PBXBuildFile; fileRef = 0565EEDE2A33DA3500DA5786 /* Profile.swift */; };
		0565EEE22A33DBA300DA5786 /* ProfileHost.swift in Sources */ = {isa = PBXBuildFile; fileRef = 0565EEE12A33DBA300DA5786 /* ProfileHost.swift */; };
		0565EEE42A33DBEC00DA5786 /* ProfileSummary.swift in Sources */ = {isa = PBXBuildFile; fileRef = 0565EEE32A33DBEC00DA5786 /* ProfileSummary.swift */; };
		0565EEE62A33DDBA00DA5786 /* HikeBadge.swift in Sources */ = {isa = PBXBuildFile; fileRef = 0565EEE52A33DDBA00DA5786 /* HikeBadge.swift */; };
		0581CDDB2A4F429B00FAAB44 /* PageView.swift in Sources */ = {isa = PBXBuildFile; fileRef = 0581CDDA2A4F429B00FAAB44 /* PageView.swift */; };
		0581CDDD2A4F53DD00FAAB44 /* PageControl.swift in Sources */ = {isa = PBXBuildFile; fileRef = 0581CDDC2A4F53DD00FAAB44 /* PageControl.swift */; };
		0581CDE72A4F647B00FAAB44 /* ContentView.swift in Sources */ = {isa = PBXBuildFile; fileRef = 0581CDE62A4F647B00FAAB44 /* ContentView.swift */; };
		0581CDE92A4F647D00FAAB44 /* Assets.xcassets in Resources */ = {isa = PBXBuildFile; fileRef = 0581CDE82A4F647D00FAAB44 /* Assets.xcassets */; };
		0581CDEC2A4F647D00FAAB44 /* Preview Assets.xcassets in Resources */ = {isa = PBXBuildFile; fileRef = 0581CDEB2A4F647D00FAAB44 /* Preview Assets.xcassets */; };
		0581CE052A4F647E00FAAB44 /* WatchLandmarks.app in Embed Watch Content */ = {isa = PBXBuildFile; fileRef = 0581CDE22A4F647A00FAAB44 /* WatchLandmarks.app */; settings = {ATTRIBUTES = (RemoveHeadersOnCopy, ); }; };
		0586E3202A4E0D9F006F9BB5 /* PageViewController.swift in Sources */ = {isa = PBXBuildFile; fileRef = 0586E31F2A4E0D9F006F9BB5 /* PageViewController.swift */; };
		0586E3222A4E1003006F9BB5 /* FeatureCard.swift in Sources */ = {isa = PBXBuildFile; fileRef = 0586E3212A4E1003006F9BB5 /* FeatureCard.swift */; };
		059E68022A15B2A40096B004 /* HexagonParameters.swift in Sources */ = {isa = PBXBuildFile; fileRef = 059E68012A15B2A40096B004 /* HexagonParameters.swift */; };
		059E68062A15B4230096B004 /* BadgeBackground.swift in Sources */ = {isa = PBXBuildFile; fileRef = 059E68052A15B4230096B004 /* BadgeBackground.swift */; };
		059E68082A15C28D0096B004 /* BadgeSymbol.swift in Sources */ = {isa = PBXBuildFile; fileRef = 059E68072A15C28D0096B004 /* BadgeSymbol.swift */; };
		059E680A2A15CA140096B004 /* RotatedBadgeSymbol.swift in Sources */ = {isa = PBXBuildFile; fileRef = 059E68092A15CA140096B004 /* RotatedBadgeSymbol.swift */; };
		05A26F1B2A109241009E7649 /* FavoriteButton.swift in Sources */ = {isa = PBXBuildFile; fileRef = 05A26F1A2A109241009E7649 /* FavoriteButton.swift */; };
		05B4D2E72A190D8000E10CD4 /* hikeData.json in Resources */ = {isa = PBXBuildFile; fileRef = 05B4D2E62A190D8000E10CD4 /* hikeData.json */; };
		05B4D2E92A190DD800E10CD4 /* Hike.swift in Sources */ = {isa = PBXBuildFile; fileRef = 05B4D2E82A190DD800E10CD4 /* Hike.swift */; };
		05B4D2EF2A190EA800E10CD4 /* GraphCapsule.swift in Sources */ = {isa = PBXBuildFile; fileRef = 05B4D2EB2A190EA800E10CD4 /* GraphCapsule.swift */; };
		05B4D2F02A190EA800E10CD4 /* HikeGraph.swift in Sources */ = {isa = PBXBuildFile; fileRef = 05B4D2EC2A190EA800E10CD4 /* HikeGraph.swift */; };
		05B4D2F12A190EA800E10CD4 /* HikeDetail.swift in Sources */ = {isa = PBXBuildFile; fileRef = 05B4D2ED2A190EA800E10CD4 /* HikeDetail.swift */; };
		05B4D2F22A190EA800E10CD4 /* HikeView.swift in Sources */ = {isa = PBXBuildFile; fileRef = 05B4D2EE2A190EA800E10CD4 /* HikeView.swift */; };
		05E881B72A0248A300629F7B /* LandmarksApp.swift in Sources */ = {isa = PBXBuildFile; fileRef = 05E881B62A0248A300629F7B /* LandmarksApp.swift */; };
		05E881B92A0248A300629F7B /* ContentView.swift in Sources */ = {isa = PBXBuildFile; fileRef = 05E881B82A0248A300629F7B /* ContentView.swift */; };
		05E881BB2A0248A500629F7B /* Assets.xcassets in Resources */ = {isa = PBXBuildFile; fileRef = 05E881BA2A0248A500629F7B /* Assets.xcassets */; };
		05E881BE2A0248A500629F7B /* Preview Assets.xcassets in Resources */ = {isa = PBXBuildFile; fileRef = 05E881BD2A0248A500629F7B /* Preview Assets.xcassets */; };
		05E881C72A02521000629F7B /* CircleImage.swift in Sources */ = {isa = PBXBuildFile; fileRef = 05E881C62A02521000629F7B /* CircleImage.swift */; };
		05E881C92A0252F400629F7B /* MapView.swift in Sources */ = {isa = PBXBuildFile; fileRef = 05E881C82A0252F400629F7B /* MapView.swift */; };
		05EAE5792A54EA560095E4D4 /* MapView.swift in Sources */ = {isa = PBXBuildFile; fileRef = 05E881C82A0252F400629F7B /* MapView.swift */; };
		05EAE57A2A54EA560095E4D4 /* Landmark.swift in Sources */ = {isa = PBXBuildFile; fileRef = 053F9A8B2A05604B00D1887B /* Landmark.swift */; };
		05EAE57B2A54EA560095E4D4 /* ModelData.swift in Sources */ = {isa = PBXBuildFile; fileRef = 053F9A8D2A0561C900D1887B /* ModelData.swift */; };
		05EAE57C2A54EA560095E4D4 /* LandmarkList.swift in Sources */ = {isa = PBXBuildFile; fileRef = 053F9A942A056BE600D1887B /* LandmarkList.swift */; };
		05EAE57D2A54EA560095E4D4 /* CircleImage.swift in Sources */ = {isa = PBXBuildFile; fileRef = 05E881C62A02521000629F7B /* CircleImage.swift */; };
		05EAE57E2A54EA560095E4D4 /* landmarkData.json in Resources */ = {isa = PBXBuildFile; fileRef = 053F9A892A05603200D1887B /* landmarkData.json */; };
		05EAE57F2A54EA560095E4D4 /* Profile.swift in Sources */ = {isa = PBXBuildFile; fileRef = 0565EEDE2A33DA3500DA5786 /* Profile.swift */; };
		05EAE5802A54EA560095E4D4 /* LandmarksApp.swift in Sources */ = {isa = PBXBuildFile; fileRef = 05E881B62A0248A300629F7B /* LandmarksApp.swift */; };
		05EAE5812A54EA560095E4D4 /* hikeData.json in Resources */ = {isa = PBXBuildFile; fileRef = 05B4D2E62A190D8000E10CD4 /* hikeData.json */; };
		05EAE5822A54EA560095E4D4 /* Hike.swift in Sources */ = {isa = PBXBuildFile; fileRef = 05B4D2E82A190DD800E10CD4 /* Hike.swift */; };
		05EAE5832A54EA560095E4D4 /* Assets.xcassets in Resources */ = {isa = PBXBuildFile; fileRef = 05E881BA2A0248A500629F7B /* Assets.xcassets */; };
		05EAE5852A54EB200095E4D4 /* LandmarkDetail.swift in Sources */ = {isa = PBXBuildFile; fileRef = 05EAE5842A54EB200095E4D4 /* LandmarkDetail.swift */; };
/* End PBXBuildFile section */

/* Begin PBXContainerItemProxy section */
		0581CE032A4F647E00FAAB44 /* PBXContainerItemProxy */ = {
			isa = PBXContainerItemProxy;
			containerPortal = 05E881AB2A0248A300629F7B /* Project object */;
			proxyType = 1;
			remoteGlobalIDString = 0581CDE12A4F647A00FAAB44;
			remoteInfo = "WatchLandmarks Watch App";
		};
/* End PBXContainerItemProxy section */

/* Begin PBXCopyFilesBuildPhase section */
		0581CE092A4F647E00FAAB44 /* Embed Watch Content */ = {
			isa = PBXCopyFilesBuildPhase;
			buildActionMask = 2147483647;
			dstPath = "$(CONTENTS_FOLDER_PATH)/Watch";
			dstSubfolderSpec = 16;
			files = (
				0581CE052A4F647E00FAAB44 /* WatchLandmarks.app in Embed Watch Content */,
			);
			name = "Embed Watch Content";
			runOnlyForDeploymentPostprocessing = 0;
		};
/* End PBXCopyFilesBuildPhase section */

/* Begin PBXFileReference section */
		052C0E0B2A3412B60086C3E2 /* ProfileEditor.swift */ = {isa = PBXFileReference; lastKnownFileType = sourcecode.swift; path = ProfileEditor.swift; sourceTree = "<group>"; };
		053B944A2A0C0138000E0CA7 /* LandmarkDetail.swift */ = {isa = PBXFileReference; lastKnownFileType = sourcecode.swift; path = LandmarkDetail.swift; sourceTree = "<group>"; };
		053F9A892A05603200D1887B /* landmarkData.json */ = {isa = PBXFileReference; fileEncoding = 4; lastKnownFileType = text.json; path = landmarkData.json; sourceTree = "<group>"; };
		053F9A8B2A05604B00D1887B /* Landmark.swift */ = {isa = PBXFileReference; lastKnownFileType = sourcecode.swift; path = Landmark.swift; sourceTree = "<group>"; };
		053F9A8D2A0561C900D1887B /* ModelData.swift */ = {isa = PBXFileReference; lastKnownFileType = sourcecode.swift; path = ModelData.swift; sourceTree = "<group>"; };
		053F9A922A05699900D1887B /* LandmarkRow.swift */ = {isa = PBXFileReference; lastKnownFileType = sourcecode.swift; path = LandmarkRow.swift; sourceTree = "<group>"; };
		053F9A942A056BE600D1887B /* LandmarkList.swift */ = {isa = PBXFileReference; lastKnownFileType = sourcecode.swift; path = LandmarkList.swift; sourceTree = "<group>"; };
		054784CE2A63D1D1003C2E4A /* PushNotificationPayload.apns */ = {isa = PBXFileReference; fileEncoding = 4; lastKnownFileType = text; path = PushNotificationPayload.apns; sourceTree = "<group>"; };
		054784D02A63D262003C2E4A /* Info.plist */ = {isa = PBXFileReference; fileEncoding = 4; lastKnownFileType = text.plist.xml; path = Info.plist; sourceTree = "<group>"; };
		0547D99A2A15CBEA007BDD5D /* Badge.swift */ = {isa = PBXFileReference; lastKnownFileType = sourcecode.swift; path = Badge.swift; sourceTree = "<group>"; };
		055D0A062A63BAF300B89246 /* NotificationView.swift */ = {isa = PBXFileReference; lastKnownFileType = sourcecode.swift; path = NotificationView.swift; sourceTree = "<group>"; };
		055D0A082A63BC6B00B89246 /* NotificationController.swift */ = {isa = PBXFileReference; lastKnownFileType = sourcecode.swift; path = NotificationController.swift; sourceTree = "<group>"; };
		0565EED82A33C7C400DA5786 /* CategoryHome.swift */ = {isa = PBXFileReference; lastKnownFileType = sourcecode.swift; path = CategoryHome.swift; sourceTree = "<group>"; };
		0565EEDA2A33CEAC00DA5786 /* CategoryRow.swift */ = {isa = PBXFileReference; lastKnownFileType = sourcecode.swift; path = CategoryRow.swift; sourceTree = "<group>"; };
		0565EEDC2A33D0A600DA5786 /* CategoryItem.swift */ = {isa = PBXFileReference; lastKnownFileType = sourcecode.swift; path = CategoryItem.swift; sourceTree = "<group>"; };
		0565EEDE2A33DA3500DA5786 /* Profile.swift */ = {isa = PBXFileReference; lastKnownFileType = sourcecode.swift; path = Profile.swift; sourceTree = "<group>"; };
		0565EEE12A33DBA300DA5786 /* ProfileHost.swift */ = {isa = PBXFileReference; lastKnownFileType = sourcecode.swift; path = ProfileHost.swift; sourceTree = "<group>"; };
		0565EEE32A33DBEC00DA5786 /* ProfileSummary.swift */ = {isa = PBXFileReference; lastKnownFileType = sourcecode.swift; path = ProfileSummary.swift; sourceTree = "<group>"; };
		0565EEE52A33DDBA00DA5786 /* HikeBadge.swift */ = {isa = PBXFileReference; lastKnownFileType = sourcecode.swift; path = HikeBadge.swift; sourceTree = "<group>"; };
		0581CDDA2A4F429B00FAAB44 /* PageView.swift */ = {isa = PBXFileReference; lastKnownFileType = sourcecode.swift; path = PageView.swift; sourceTree = "<group>"; };
		0581CDDC2A4F53DD00FAAB44 /* PageControl.swift */ = {isa = PBXFileReference; lastKnownFileType = sourcecode.swift; path = PageControl.swift; sourceTree = "<group>"; };
		0581CDE22A4F647A00FAAB44 /* WatchLandmarks.app */ = {isa = PBXFileReference; explicitFileType = wrapper.application; includeInIndex = 0; path = WatchLandmarks.app; sourceTree = BUILT_PRODUCTS_DIR; };
		0581CDE62A4F647B00FAAB44 /* ContentView.swift */ = {isa = PBXFileReference; lastKnownFileType = sourcecode.swift; path = ContentView.swift; sourceTree = "<group>"; };
		0581CDE82A4F647D00FAAB44 /* Assets.xcassets */ = {isa = PBXFileReference; lastKnownFileType = folder.assetcatalog; path = Assets.xcassets; sourceTree = "<group>"; };
		0581CDEB2A4F647D00FAAB44 /* Preview Assets.xcassets */ = {isa = PBXFileReference; lastKnownFileType = folder.assetcatalog; path = "Preview Assets.xcassets"; sourceTree = "<group>"; };
		0586E31F2A4E0D9F006F9BB5 /* PageViewController.swift */ = {isa = PBXFileReference; lastKnownFileType = sourcecode.swift; path = PageViewController.swift; sourceTree = "<group>"; };
		0586E3212A4E1003006F9BB5 /* FeatureCard.swift */ = {isa = PBXFileReference; lastKnownFileType = sourcecode.swift; path = FeatureCard.swift; sourceTree = "<group>"; };
		059E68012A15B2A40096B004 /* HexagonParameters.swift */ = {isa = PBXFileReference; lastKnownFileType = sourcecode.swift; path = HexagonParameters.swift; sourceTree = "<group>"; };
		059E68052A15B4230096B004 /* BadgeBackground.swift */ = {isa = PBXFileReference; lastKnownFileType = sourcecode.swift; path = BadgeBackground.swift; sourceTree = "<group>"; };
		059E68072A15C28D0096B004 /* BadgeSymbol.swift */ = {isa = PBXFileReference; lastKnownFileType = sourcecode.swift; path = BadgeSymbol.swift; sourceTree = "<group>"; };
		059E68092A15CA140096B004 /* RotatedBadgeSymbol.swift */ = {isa = PBXFileReference; lastKnownFileType = sourcecode.swift; path = RotatedBadgeSymbol.swift; sourceTree = "<group>"; };
		05A26F1A2A109241009E7649 /* FavoriteButton.swift */ = {isa = PBXFileReference; lastKnownFileType = sourcecode.swift; path = FavoriteButton.swift; sourceTree = "<group>"; };
		05B4D2E62A190D8000E10CD4 /* hikeData.json */ = {isa = PBXFileReference; fileEncoding = 4; lastKnownFileType = text.json; path = hikeData.json; sourceTree = "<group>"; };
		05B4D2E82A190DD800E10CD4 /* Hike.swift */ = {isa = PBXFileReference; lastKnownFileType = sourcecode.swift; path = Hike.swift; sourceTree = "<group>"; };
		05B4D2EB2A190EA800E10CD4 /* GraphCapsule.swift */ = {isa = PBXFileReference; fileEncoding = 4; lastKnownFileType = sourcecode.swift; path = GraphCapsule.swift; sourceTree = "<group>"; };
		05B4D2EC2A190EA800E10CD4 /* HikeGraph.swift */ = {isa = PBXFileReference; fileEncoding = 4; lastKnownFileType = sourcecode.swift; path = HikeGraph.swift; sourceTree = "<group>"; };
		05B4D2ED2A190EA800E10CD4 /* HikeDetail.swift */ = {isa = PBXFileReference; fileEncoding = 4; lastKnownFileType = sourcecode.swift; path = HikeDetail.swift; sourceTree = "<group>"; };
		05B4D2EE2A190EA800E10CD4 /* HikeView.swift */ = {isa = PBXFileReference; fileEncoding = 4; lastKnownFileType = sourcecode.swift; path = HikeView.swift; sourceTree = "<group>"; };
		05E881B32A0248A300629F7B /* Landmarks.app */ = {isa = PBXFileReference; explicitFileType = wrapper.application; includeInIndex = 0; path = Landmarks.app; sourceTree = BUILT_PRODUCTS_DIR; };
		05E881B62A0248A300629F7B /* LandmarksApp.swift */ = {isa = PBXFileReference; lastKnownFileType = sourcecode.swift; path = LandmarksApp.swift; sourceTree = "<group>"; };
		05E881B82A0248A300629F7B /* ContentView.swift */ = {isa = PBXFileReference; lastKnownFileType = sourcecode.swift; path = ContentView.swift; sourceTree = "<group>"; };
		05E881BA2A0248A500629F7B /* Assets.xcassets */ = {isa = PBXFileReference; lastKnownFileType = folder.assetcatalog; path = Assets.xcassets; sourceTree = "<group>"; };
		05E881BD2A0248A500629F7B /* Preview Assets.xcassets */ = {isa = PBXFileReference; lastKnownFileType = folder.assetcatalog; path = "Preview Assets.xcassets"; sourceTree = "<group>"; };
		05E881C62A02521000629F7B /* CircleImage.swift */ = {isa = PBXFileReference; lastKnownFileType = sourcecode.swift; path = CircleImage.swift; sourceTree = "<group>"; };
		05E881C82A0252F400629F7B /* MapView.swift */ = {isa = PBXFileReference; lastKnownFileType = sourcecode.swift; path = MapView.swift; sourceTree = "<group>"; };
		05EAE5842A54EB200095E4D4 /* LandmarkDetail.swift */ = {isa = PBXFileReference; lastKnownFileType = sourcecode.swift; path = LandmarkDetail.swift; sourceTree = "<group>"; };
/* End PBXFileReference section */

/* Begin PBXFrameworksBuildPhase section */
		0581CDDF2A4F647A00FAAB44 /* Frameworks */ = {
			isa = PBXFrameworksBuildPhase;
			buildActionMask = 2147483647;
			files = (
			);
			runOnlyForDeploymentPostprocessing = 0;
		};
		05E881B02A0248A300629F7B /* Frameworks */ = {
			isa = PBXFrameworksBuildPhase;
			buildActionMask = 2147483647;
			files = (
			);
			runOnlyForDeploymentPostprocessing = 0;
		};
/* End PBXFrameworksBuildPhase section */

/* Begin PBXGroup section */
		053F9A8F2A05630900D1887B /* Views */ = {
			isa = PBXGroup;
			children = (
				05E881B82A0248A300629F7B /* ContentView.swift */,
				0569558A2A4F9CCC0047D988 /* Categories */,
				0586E31E2A4E0D8E006F9BB5 /* PageView */,
				05A26F1D2A109330009E7649 /* Landmarks */,
				0565EEE02A33DB3F00DA5786 /* Profiles */,
				0547D99C2A15CD56007BDD5D /* Badges */,
				05B4D2EA2A190EA800E10CD4 /* Hikes */,
				05A26F1C2A10931D009E7649 /* Helpers */,
			);
			path = Views;
			sourceTree = "<group>";
		};
		053F9A902A05632B00D1887B /* Model */ = {
			isa = PBXGroup;
			children = (
				053F9A8B2A05604B00D1887B /* Landmark.swift */,
				053F9A8D2A0561C900D1887B /* ModelData.swift */,
				05B4D2E82A190DD800E10CD4 /* Hike.swift */,
				0565EEDE2A33DA3500DA5786 /* Profile.swift */,
			);
			path = Model;
			sourceTree = "<group>";
		};
		053F9A912A05634100D1887B /* Resources */ = {
			isa = PBXGroup;
			children = (
				053F9A892A05603200D1887B /* landmarkData.json */,
				05B4D2E62A190D8000E10CD4 /* hikeData.json */,
			);
			path = Resources;
			sourceTree = "<group>";
		};
		0547D99C2A15CD56007BDD5D /* Badges */ = {
			isa = PBXGroup;
			children = (
				0547D99A2A15CBEA007BDD5D /* Badge.swift */,
				059E68052A15B4230096B004 /* BadgeBackground.swift */,
				059E68072A15C28D0096B004 /* BadgeSymbol.swift */,
				059E68092A15CA140096B004 /* RotatedBadgeSymbol.swift */,
				059E68012A15B2A40096B004 /* HexagonParameters.swift */,
			);
			path = Badges;
			sourceTree = "<group>";
		};
		0565EEE02A33DB3F00DA5786 /* Profiles */ = {
			isa = PBXGroup;
			children = (
				0565EEE12A33DBA300DA5786 /* ProfileHost.swift */,
				052C0E0B2A3412B60086C3E2 /* ProfileEditor.swift */,
				0565EEE32A33DBEC00DA5786 /* ProfileSummary.swift */,
			);
			path = Profiles;
			sourceTree = "<group>";
		};
		0569558A2A4F9CCC0047D988 /* Categories */ = {
			isa = PBXGroup;
			children = (
				0565EED82A33C7C400DA5786 /* CategoryHome.swift */,
				0565EEDA2A33CEAC00DA5786 /* CategoryRow.swift */,
				0565EEDC2A33D0A600DA5786 /* CategoryItem.swift */,
			);
			path = Categories;
			sourceTree = "<group>";
		};
		0581CDE32A4F647B00FAAB44 /* WatchLandmarks */ = {
			isa = PBXGroup;
			children = (
				0581CDE62A4F647B00FAAB44 /* ContentView.swift */,
				05EAE5842A54EB200095E4D4 /* LandmarkDetail.swift */,
				055D0A082A63BC6B00B89246 /* NotificationController.swift */,
				055D0A062A63BAF300B89246 /* NotificationView.swift */,
				054784CE2A63D1D1003C2E4A /* PushNotificationPayload.apns */,
				054784D02A63D262003C2E4A /* Info.plist */,
				0581CDE82A4F647D00FAAB44 /* Assets.xcassets */,
				0581CDEA2A4F647D00FAAB44 /* Preview Content */,
			);
			path = WatchLandmarks;
			sourceTree = "<group>";
		};
		0581CDEA2A4F647D00FAAB44 /* Preview Content */ = {
			isa = PBXGroup;
			children = (
				0581CDEB2A4F647D00FAAB44 /* Preview Assets.xcassets */,
			);
			path = "Preview Content";
			sourceTree = "<group>";
		};
		0586E31E2A4E0D8E006F9BB5 /* PageView */ = {
			isa = PBXGroup;
			children = (
				0581CDDA2A4F429B00FAAB44 /* PageView.swift */,
				0581CDDC2A4F53DD00FAAB44 /* PageControl.swift */,
				0586E31F2A4E0D9F006F9BB5 /* PageViewController.swift */,
				0586E3212A4E1003006F9BB5 /* FeatureCard.swift */,
			);
			path = PageView;
			sourceTree = "<group>";
		};
		05A26F1C2A10931D009E7649 /* Helpers */ = {
			isa = PBXGroup;
			children = (
				05E881C62A02521000629F7B /* CircleImage.swift */,
				05E881C82A0252F400629F7B /* MapView.swift */,
				05A26F1A2A109241009E7649 /* FavoriteButton.swift */,
			);
			path = Helpers;
			sourceTree = "<group>";
		};
		05A26F1D2A109330009E7649 /* Landmarks */ = {
			isa = PBXGroup;
			children = (
				053F9A942A056BE600D1887B /* LandmarkList.swift */,
				053F9A922A05699900D1887B /* LandmarkRow.swift */,
				053B944A2A0C0138000E0CA7 /* LandmarkDetail.swift */,
			);
			path = Landmarks;
			sourceTree = "<group>";
		};
		05B4D2EA2A190EA800E10CD4 /* Hikes */ = {
			isa = PBXGroup;
			children = (
				05B4D2EB2A190EA800E10CD4 /* GraphCapsule.swift */,
				05B4D2EC2A190EA800E10CD4 /* HikeGraph.swift */,
				05B4D2ED2A190EA800E10CD4 /* HikeDetail.swift */,
				05B4D2EE2A190EA800E10CD4 /* HikeView.swift */,
				0565EEE52A33DDBA00DA5786 /* HikeBadge.swift */,
			);
			path = Hikes;
			sourceTree = "<group>";
		};
		05E881AA2A0248A300629F7B = {
			isa = PBXGroup;
			children = (
				05E881B52A0248A300629F7B /* Landmarks */,
				0581CDE32A4F647B00FAAB44 /* WatchLandmarks */,
				05E881B42A0248A300629F7B /* Products */,
			);
			sourceTree = "<group>";
		};
		05E881B42A0248A300629F7B /* Products */ = {
			isa = PBXGroup;
			children = (
				05E881B32A0248A300629F7B /* Landmarks.app */,
				0581CDE22A4F647A00FAAB44 /* WatchLandmarks.app */,
			);
			name = Products;
			sourceTree = "<group>";
		};
		05E881B52A0248A300629F7B /* Landmarks */ = {
			isa = PBXGroup;
			children = (
				05E881B62A0248A300629F7B /* LandmarksApp.swift */,
				053F9A8F2A05630900D1887B /* Views */,
				053F9A902A05632B00D1887B /* Model */,
				053F9A912A05634100D1887B /* Resources */,
				05E881BA2A0248A500629F7B /* Assets.xcassets */,
				05E881BC2A0248A500629F7B /* Preview Content */,
			);
			path = Landmarks;
			sourceTree = "<group>";
		};
		05E881BC2A0248A500629F7B /* Preview Content */ = {
			isa = PBXGroup;
			children = (
				05E881BD2A0248A500629F7B /* Preview Assets.xcassets */,
			);
			path = "Preview Content";
			sourceTree = "<group>";
		};
/* End PBXGroup section */

/* Begin PBXNativeTarget section */
		0581CDE12A4F647A00FAAB44 /* WatchLandmarks */ = {
			isa = PBXNativeTarget;
			buildConfigurationList = 0581CE062A4F647E00FAAB44 /* Build configuration list for PBXNativeTarget "WatchLandmarks" */;
			buildPhases = (
				0581CDDE2A4F647A00FAAB44 /* Sources */,
				0581CDDF2A4F647A00FAAB44 /* Frameworks */,
				0581CDE02A4F647A00FAAB44 /* Resources */,
			);
			buildRules = (
			);
			dependencies = (
			);
			name = WatchLandmarks;
			productName = "WatchLandmarks Watch App";
			productReference = 0581CDE22A4F647A00FAAB44 /* WatchLandmarks.app */;
			productType = "com.apple.product-type.application";
		};
		05E881B22A0248A300629F7B /* Landmarks */ = {
			isa = PBXNativeTarget;
			buildConfigurationList = 05E881C12A0248A500629F7B /* Build configuration list for PBXNativeTarget "Landmarks" */;
			buildPhases = (
				05E881AF2A0248A300629F7B /* Sources */,
				05E881B02A0248A300629F7B /* Frameworks */,
				05E881B12A0248A300629F7B /* Resources */,
				0581CE092A4F647E00FAAB44 /* Embed Watch Content */,
			);
			buildRules = (
			);
			dependencies = (
				0581CE042A4F647E00FAAB44 /* PBXTargetDependency */,
			);
			name = Landmarks;
			productName = Landmarks;
			productReference = 05E881B32A0248A300629F7B /* Landmarks.app */;
			productType = "com.apple.product-type.application";
		};
/* End PBXNativeTarget section */

/* Begin PBXProject section */
		05E881AB2A0248A300629F7B /* Project object */ = {
			isa = PBXProject;
			attributes = {
				BuildIndependentTargetsInParallel = 1;
				LastSwiftUpdateCheck = 1500;
				LastUpgradeCheck = 1500;
				TargetAttributes = {
					0581CDE12A4F647A00FAAB44 = {
						CreatedOnToolsVersion = 15.0;
					};
					05E881B22A0248A300629F7B = {
						CreatedOnToolsVersion = 14.3;
					};
				};
			};
			buildConfigurationList = 05E881AE2A0248A300629F7B /* Build configuration list for PBXProject "Landmarks" */;
			compatibilityVersion = "Xcode 14.0";
			developmentRegion = en;
			hasScannedForEncodings = 0;
			knownRegions = (
				en,
				Base,
			);
			mainGroup = 05E881AA2A0248A300629F7B;
			productRefGroup = 05E881B42A0248A300629F7B /* Products */;
			projectDirPath = "";
			projectRoot = "";
			targets = (
				05E881B22A0248A300629F7B /* Landmarks */,
				0581CDE12A4F647A00FAAB44 /* WatchLandmarks */,
			);
		};
/* End PBXProject section */

/* Begin PBXResourcesBuildPhase section */
		0581CDE02A4F647A00FAAB44 /* Resources */ = {
			isa = PBXResourcesBuildPhase;
			buildActionMask = 2147483647;
			files = (
				05EAE5812A54EA560095E4D4 /* hikeData.json in Resources */,
				054784CF2A63D1D1003C2E4A /* PushNotificationPayload.apns in Resources */,
				0581CDEC2A4F647D00FAAB44 /* Preview Assets.xcassets in Resources */,
				0581CDE92A4F647D00FAAB44 /* Assets.xcassets in Resources */,
				05EAE57E2A54EA560095E4D4 /* landmarkData.json in Resources */,
				05EAE5832A54EA560095E4D4 /* Assets.xcassets in Resources */,
				054784D12A63D263003C2E4A /* Info.plist in Resources */,
			);
			runOnlyForDeploymentPostprocessing = 0;
		};
		05E881B12A0248A300629F7B /* Resources */ = {
			isa = PBXResourcesBuildPhase;
			buildActionMask = 2147483647;
			files = (
				05B4D2E72A190D8000E10CD4 /* hikeData.json in Resources */,
				05E881BE2A0248A500629F7B /* Preview Assets.xcassets in Resources */,
				05E881BB2A0248A500629F7B /* Assets.xcassets in Resources */,
				053F9A8A2A05603200D1887B /* landmarkData.json in Resources */,
			);
			runOnlyForDeploymentPostprocessing = 0;
		};
/* End PBXResourcesBuildPhase section */

/* Begin PBXSourcesBuildPhase section */
		0581CDDE2A4F647A00FAAB44 /* Sources */ = {
			isa = PBXSourcesBuildPhase;
			buildActionMask = 2147483647;
			files = (
				0581CDE72A4F647B00FAAB44 /* ContentView.swift in Sources */,
				05EAE57B2A54EA560095E4D4 /* ModelData.swift in Sources */,
				05EAE5792A54EA560095E4D4 /* MapView.swift in Sources */,
				05EAE5802A54EA560095E4D4 /* LandmarksApp.swift in Sources */,
				05EAE57F2A54EA560095E4D4 /* Profile.swift in Sources */,
				05EAE57A2A54EA560095E4D4 /* Landmark.swift in Sources */,
				05EAE5822A54EA560095E4D4 /* Hike.swift in Sources */,
				05EAE57C2A54EA560095E4D4 /* LandmarkList.swift in Sources */,
				0536EB0A2A54EE58008B0114 /* LandmarkRow.swift in Sources */,
				055D0A092A63BC6B00B89246 /* NotificationController.swift in Sources */,
				05EAE5852A54EB200095E4D4 /* LandmarkDetail.swift in Sources */,
				05EAE57D2A54EA560095E4D4 /* CircleImage.swift in Sources */,
				055D0A072A63BAF300B89246 /* NotificationView.swift in Sources */,
			);
			runOnlyForDeploymentPostprocessing = 0;
		};
		05E881AF2A0248A300629F7B /* Sources */ = {
			isa = PBXSourcesBuildPhase;
			buildActionMask = 2147483647;
			files = (
				0565EEDB2A33CEAC00DA5786 /* CategoryRow.swift in Sources */,
				0565EEDF2A33DA3500DA5786 /* Profile.swift in Sources */,
				05E881B92A0248A300629F7B /* ContentView.swift in Sources */,
				0565EED92A33C7C400DA5786 /* CategoryHome.swift in Sources */,
				0586E3222A4E1003006F9BB5 /* FeatureCard.swift in Sources */,
				05B4D2F02A190EA800E10CD4 /* HikeGraph.swift in Sources */,
				0547D99B2A15CBEA007BDD5D /* Badge.swift in Sources */,
				05E881C92A0252F400629F7B /* MapView.swift in Sources */,
				05B4D2EF2A190EA800E10CD4 /* GraphCapsule.swift in Sources */,
				05E881B72A0248A300629F7B /* LandmarksApp.swift in Sources */,
				0581CDDD2A4F53DD00FAAB44 /* PageControl.swift in Sources */,
				05A26F1B2A109241009E7649 /* FavoriteButton.swift in Sources */,
				0565EEDD2A33D0A600DA5786 /* CategoryItem.swift in Sources */,
				05B4D2F12A190EA800E10CD4 /* HikeDetail.swift in Sources */,
				0565EEE42A33DBEC00DA5786 /* ProfileSummary.swift in Sources */,
				059E68022A15B2A40096B004 /* HexagonParameters.swift in Sources */,
				0565EEE22A33DBA300DA5786 /* ProfileHost.swift in Sources */,
				05B4D2E92A190DD800E10CD4 /* Hike.swift in Sources */,
				059E680A2A15CA140096B004 /* RotatedBadgeSymbol.swift in Sources */,
				0581CDDB2A4F429B00FAAB44 /* PageView.swift in Sources */,
				059E68082A15C28D0096B004 /* BadgeSymbol.swift in Sources */,
				052C0E0C2A3412B60086C3E2 /* ProfileEditor.swift in Sources */,
				05E881C72A02521000629F7B /* CircleImage.swift in Sources */,
				05B4D2F22A190EA800E10CD4 /* HikeView.swift in Sources */,
				053B944B2A0C0138000E0CA7 /* LandmarkDetail.swift in Sources */,
				0586E3202A4E0D9F006F9BB5 /* PageViewController.swift in Sources */,
				059E68062A15B4230096B004 /* BadgeBackground.swift in Sources */,
				0565EEE62A33DDBA00DA5786 /* HikeBadge.swift in Sources */,
				053F9A8C2A05604B00D1887B /* Landmark.swift in Sources */,
				053F9A932A05699900D1887B /* LandmarkRow.swift in Sources */,
				053F9A8E2A0561C900D1887B /* ModelData.swift in Sources */,
				053F9A952A056BE600D1887B /* LandmarkList.swift in Sources */,
			);
			runOnlyForDeploymentPostprocessing = 0;
		};
/* End PBXSourcesBuildPhase section */

/* Begin PBXTargetDependency section */
		0581CE042A4F647E00FAAB44 /* PBXTargetDependency */ = {
			isa = PBXTargetDependency;
			target = 0581CDE12A4F647A00FAAB44 /* WatchLandmarks */;
			targetProxy = 0581CE032A4F647E00FAAB44 /* PBXContainerItemProxy */;
		};
/* End PBXTargetDependency section */

/* Begin XCBuildConfiguration section */
		0581CE072A4F647E00FAAB44 /* Debug */ = {
			isa = XCBuildConfiguration;
			buildSettings = {
				ASSETCATALOG_COMPILER_APPICON_NAME = AppIcon;
				ASSETCATALOG_COMPILER_GLOBAL_ACCENT_COLOR_NAME = AccentColor;
				CODE_SIGN_STYLE = Automatic;
				CURRENT_PROJECT_VERSION = 1;
				DEVELOPMENT_ASSET_PATHS = "\"WatchLandmarks/Preview Content\"";
				DEVELOPMENT_TEAM = 7NNDF6KU3D;
				ENABLE_PREVIEWS = YES;
				GCC_C_LANGUAGE_STANDARD = gnu17;
				GENERATE_INFOPLIST_FILE = YES;
				INFOPLIST_KEY_CFBundleDisplayName = WatchLandmarks;
				INFOPLIST_KEY_UISupportedInterfaceOrientations = "UIInterfaceOrientationPortrait UIInterfaceOrientationPortraitUpsideDown";
				INFOPLIST_KEY_WKCompanionAppBundleIdentifier = edu.umich.jadb.Landmarks;
				INFOPLIST_KEY_WKRunsIndependentlyOfCompanionApp = YES;
				LD_RUNPATH_SEARCH_PATHS = (
					"$(inherited)",
					"@executable_path/Frameworks",
				);
				LOCALIZATION_PREFERS_STRING_CATALOGS = YES;
				MARKETING_VERSION = 1.0;
				PRODUCT_BUNDLE_IDENTIFIER = edu.umich.jadb.Landmarks.watchkitapp;
				PRODUCT_NAME = "$(TARGET_NAME)";
				SDKROOT = watchos;
				SKIP_INSTALL = YES;
				SWIFT_ACTIVE_COMPILATION_CONDITIONS = "DEBUG $(inherited)";
				SWIFT_EMIT_LOC_STRINGS = YES;
				SWIFT_VERSION = 5.0;
				TARGETED_DEVICE_FAMILY = 4;
				WATCHOS_DEPLOYMENT_TARGET = 9.6;
			};
			name = Debug;
		};
		0581CE082A4F647E00FAAB44 /* Release */ = {
			isa = XCBuildConfiguration;
			buildSettings = {
				ASSETCATALOG_COMPILER_APPICON_NAME = AppIcon;
				ASSETCATALOG_COMPILER_GLOBAL_ACCENT_COLOR_NAME = AccentColor;
				CODE_SIGN_STYLE = Automatic;
				CURRENT_PROJECT_VERSION = 1;
				DEVELOPMENT_ASSET_PATHS = "\"WatchLandmarks/Preview Content\"";
				DEVELOPMENT_TEAM = 7NNDF6KU3D;
				ENABLE_PREVIEWS = YES;
				GCC_C_LANGUAGE_STANDARD = gnu17;
				GENERATE_INFOPLIST_FILE = YES;
				INFOPLIST_KEY_CFBundleDisplayName = WatchLandmarks;
				INFOPLIST_KEY_UISupportedInterfaceOrientations = "UIInterfaceOrientationPortrait UIInterfaceOrientationPortraitUpsideDown";
				INFOPLIST_KEY_WKCompanionAppBundleIdentifier = edu.umich.jadb.Landmarks;
				INFOPLIST_KEY_WKRunsIndependentlyOfCompanionApp = YES;
				LD_RUNPATH_SEARCH_PATHS = (
					"$(inherited)",
					"@executable_path/Frameworks",
				);
				LOCALIZATION_PREFERS_STRING_CATALOGS = YES;
				MARKETING_VERSION = 1.0;
				PRODUCT_BUNDLE_IDENTIFIER = edu.umich.jadb.Landmarks.watchkitapp;
				PRODUCT_NAME = "$(TARGET_NAME)";
				SDKROOT = watchos;
				SKIP_INSTALL = YES;
				SWIFT_EMIT_LOC_STRINGS = YES;
				SWIFT_VERSION = 5.0;
				TARGETED_DEVICE_FAMILY = 4;
				WATCHOS_DEPLOYMENT_TARGET = 9.6;
			};
			name = Release;
		};
		05E881BF2A0248A500629F7B /* Debug */ = {
			isa = XCBuildConfiguration;
			buildSettings = {
				ALWAYS_SEARCH_USER_PATHS = NO;
				ASSETCATALOG_COMPILER_GENERATE_SWIFT_ASSET_SYMBOL_EXTENSIONS = YES;
				CLANG_ANALYZER_NONNULL = YES;
				CLANG_ANALYZER_NUMBER_OBJECT_CONVERSION = YES_AGGRESSIVE;
				CLANG_CXX_LANGUAGE_STANDARD = "gnu++20";
				CLANG_ENABLE_MODULES = YES;
				CLANG_ENABLE_OBJC_ARC = YES;
				CLANG_ENABLE_OBJC_WEAK = YES;
				CLANG_WARN_BLOCK_CAPTURE_AUTORELEASING = YES;
				CLANG_WARN_BOOL_CONVERSION = YES;
				CLANG_WARN_COMMA = YES;
				CLANG_WARN_CONSTANT_CONVERSION = YES;
				CLANG_WARN_DEPRECATED_OBJC_IMPLEMENTATIONS = YES;
				CLANG_WARN_DIRECT_OBJC_ISA_USAGE = YES_ERROR;
				CLANG_WARN_DOCUMENTATION_COMMENTS = YES;
				CLANG_WARN_EMPTY_BODY = YES;
				CLANG_WARN_ENUM_CONVERSION = YES;
				CLANG_WARN_INFINITE_RECURSION = YES;
				CLANG_WARN_INT_CONVERSION = YES;
				CLANG_WARN_NON_LITERAL_NULL_CONVERSION = YES;
				CLANG_WARN_OBJC_IMPLICIT_RETAIN_SELF = YES;
				CLANG_WARN_OBJC_LITERAL_CONVERSION = YES;
				CLANG_WARN_OBJC_ROOT_CLASS = YES_ERROR;
				CLANG_WARN_QUOTED_INCLUDE_IN_FRAMEWORK_HEADER = YES;
				CLANG_WARN_RANGE_LOOP_ANALYSIS = YES;
				CLANG_WARN_STRICT_PROTOTYPES = YES;
				CLANG_WARN_SUSPICIOUS_MOVE = YES;
				CLANG_WARN_UNGUARDED_AVAILABILITY = YES_AGGRESSIVE;
				CLANG_WARN_UNREACHABLE_CODE = YES;
				CLANG_WARN__DUPLICATE_METHOD_MATCH = YES;
				COPY_PHASE_STRIP = NO;
				DEBUG_INFORMATION_FORMAT = dwarf;
				ENABLE_STRICT_OBJC_MSGSEND = YES;
				ENABLE_TESTABILITY = YES;
				ENABLE_USER_SCRIPT_SANDBOXING = YES;
				GCC_C_LANGUAGE_STANDARD = gnu11;
				GCC_DYNAMIC_NO_PIC = NO;
				GCC_NO_COMMON_BLOCKS = YES;
				GCC_OPTIMIZATION_LEVEL = 0;
				GCC_PREPROCESSOR_DEFINITIONS = (
					"DEBUG=1",
					"$(inherited)",
				);
				GCC_WARN_64_TO_32_BIT_CONVERSION = YES;
				GCC_WARN_ABOUT_RETURN_TYPE = YES_ERROR;
				GCC_WARN_UNDECLARED_SELECTOR = YES;
				GCC_WARN_UNINITIALIZED_AUTOS = YES_AGGRESSIVE;
				GCC_WARN_UNUSED_FUNCTION = YES;
				GCC_WARN_UNUSED_VARIABLE = YES;
				IPHONEOS_DEPLOYMENT_TARGET = 16.4;
				MTL_ENABLE_DEBUG_INFO = INCLUDE_SOURCE;
				MTL_FAST_MATH = YES;
				ONLY_ACTIVE_ARCH = YES;
				SDKROOT = iphoneos;
				SWIFT_ACTIVE_COMPILATION_CONDITIONS = DEBUG;
				SWIFT_OPTIMIZATION_LEVEL = "-Onone";
				TARGETED_DEVICE_FAMILY = 4;
				WATCHOS_DEPLOYMENT_TARGET = 9.6;
			};
			name = Debug;
		};
		05E881C02A0248A500629F7B /* Release */ = {
			isa = XCBuildConfiguration;
			buildSettings = {
				ALWAYS_SEARCH_USER_PATHS = NO;
				ASSETCATALOG_COMPILER_GENERATE_SWIFT_ASSET_SYMBOL_EXTENSIONS = YES;
				CLANG_ANALYZER_NONNULL = YES;
				CLANG_ANALYZER_NUMBER_OBJECT_CONVERSION = YES_AGGRESSIVE;
				CLANG_CXX_LANGUAGE_STANDARD = "gnu++20";
				CLANG_ENABLE_MODULES = YES;
				CLANG_ENABLE_OBJC_ARC = YES;
				CLANG_ENABLE_OBJC_WEAK = YES;
				CLANG_WARN_BLOCK_CAPTURE_AUTORELEASING = YES;
				CLANG_WARN_BOOL_CONVERSION = YES;
				CLANG_WARN_COMMA = YES;
				CLANG_WARN_CONSTANT_CONVERSION = YES;
				CLANG_WARN_DEPRECATED_OBJC_IMPLEMENTATIONS = YES;
				CLANG_WARN_DIRECT_OBJC_ISA_USAGE = YES_ERROR;
				CLANG_WARN_DOCUMENTATION_COMMENTS = YES;
				CLANG_WARN_EMPTY_BODY = YES;
				CLANG_WARN_ENUM_CONVERSION = YES;
				CLANG_WARN_INFINITE_RECURSION = YES;
				CLANG_WARN_INT_CONVERSION = YES;
				CLANG_WARN_NON_LITERAL_NULL_CONVERSION = YES;
				CLANG_WARN_OBJC_IMPLICIT_RETAIN_SELF = YES;
				CLANG_WARN_OBJC_LITERAL_CONVERSION = YES;
				CLANG_WARN_OBJC_ROOT_CLASS = YES_ERROR;
				CLANG_WARN_QUOTED_INCLUDE_IN_FRAMEWORK_HEADER = YES;
				CLANG_WARN_RANGE_LOOP_ANALYSIS = YES;
				CLANG_WARN_STRICT_PROTOTYPES = YES;
				CLANG_WARN_SUSPICIOUS_MOVE = YES;
				CLANG_WARN_UNGUARDED_AVAILABILITY = YES_AGGRESSIVE;
				CLANG_WARN_UNREACHABLE_CODE = YES;
				CLANG_WARN__DUPLICATE_METHOD_MATCH = YES;
				COPY_PHASE_STRIP = NO;
				DEBUG_INFORMATION_FORMAT = "dwarf-with-dsym";
				ENABLE_NS_ASSERTIONS = NO;
				ENABLE_STRICT_OBJC_MSGSEND = YES;
				ENABLE_USER_SCRIPT_SANDBOXING = YES;
				GCC_C_LANGUAGE_STANDARD = gnu11;
				GCC_NO_COMMON_BLOCKS = YES;
				GCC_WARN_64_TO_32_BIT_CONVERSION = YES;
				GCC_WARN_ABOUT_RETURN_TYPE = YES_ERROR;
				GCC_WARN_UNDECLARED_SELECTOR = YES;
				GCC_WARN_UNINITIALIZED_AUTOS = YES_AGGRESSIVE;
				GCC_WARN_UNUSED_FUNCTION = YES;
				GCC_WARN_UNUSED_VARIABLE = YES;
				IPHONEOS_DEPLOYMENT_TARGET = 16.4;
				MTL_ENABLE_DEBUG_INFO = NO;
				MTL_FAST_MATH = YES;
				SDKROOT = iphoneos;
				SWIFT_COMPILATION_MODE = wholemodule;
				SWIFT_OPTIMIZATION_LEVEL = "-O";
				TARGETED_DEVICE_FAMILY = 4;
				VALIDATE_PRODUCT = YES;
				WATCHOS_DEPLOYMENT_TARGET = 9.6;
			};
			name = Release;
		};
		05E881C22A0248A500629F7B /* Debug */ = {
			isa = XCBuildConfiguration;
			buildSettings = {
				ALWAYS_EMBED_SWIFT_STANDARD_LIBRARIES = YES;
				ASSETCATALOG_COMPILER_APPICON_NAME = AppIcon;
				ASSETCATALOG_COMPILER_GLOBAL_ACCENT_COLOR_NAME = AccentColor;
				CODE_SIGN_STYLE = Automatic;
				CURRENT_PROJECT_VERSION = 1;
				DEVELOPMENT_ASSET_PATHS = "\"Landmarks/Preview Content\"";
				DEVELOPMENT_TEAM = 7NNDF6KU3D;
				ENABLE_PREVIEWS = YES;
				GENERATE_INFOPLIST_FILE = YES;
				INFOPLIST_KEY_UIApplicationSceneManifest_Generation = YES;
				INFOPLIST_KEY_UIApplicationSupportsIndirectInputEvents = YES;
				INFOPLIST_KEY_UILaunchScreen_Generation = YES;
				INFOPLIST_KEY_UISupportedInterfaceOrientations_iPad = "UIInterfaceOrientationPortrait UIInterfaceOrientationPortraitUpsideDown UIInterfaceOrientationLandscapeLeft UIInterfaceOrientationLandscapeRight";
				INFOPLIST_KEY_UISupportedInterfaceOrientations_iPhone = "UIInterfaceOrientationPortrait UIInterfaceOrientationLandscapeLeft UIInterfaceOrientationLandscapeRight";
				LD_RUNPATH_SEARCH_PATHS = (
					"$(inherited)",
					"@executable_path/Frameworks",
				);
				MARKETING_VERSION = 1.0;
				PRODUCT_BUNDLE_IDENTIFIER = edu.umich.jadb.Landmarks;
				PRODUCT_NAME = "$(TARGET_NAME)";
				SWIFT_EMIT_LOC_STRINGS = YES;
				SWIFT_VERSION = 5.0;
				TARGETED_DEVICE_FAMILY = "1,2";
			};
			name = Debug;
		};
		05E881C32A0248A500629F7B /* Release */ = {
			isa = XCBuildConfiguration;
			buildSettings = {
				ALWAYS_EMBED_SWIFT_STANDARD_LIBRARIES = YES;
				ASSETCATALOG_COMPILER_APPICON_NAME = AppIcon;
				ASSETCATALOG_COMPILER_GLOBAL_ACCENT_COLOR_NAME = AccentColor;
				CODE_SIGN_STYLE = Automatic;
				CURRENT_PROJECT_VERSION = 1;
				DEVELOPMENT_ASSET_PATHS = "\"Landmarks/Preview Content\"";
				DEVELOPMENT_TEAM = 7NNDF6KU3D;
				ENABLE_PREVIEWS = YES;
				GENERATE_INFOPLIST_FILE = YES;
				INFOPLIST_KEY_UIApplicationSceneManifest_Generation = YES;
				INFOPLIST_KEY_UIApplicationSupportsIndirectInputEvents = YES;
				INFOPLIST_KEY_UILaunchScreen_Generation = YES;
				INFOPLIST_KEY_UISupportedInterfaceOrientations_iPad = "UIInterfaceOrientationPortrait UIInterfaceOrientationPortraitUpsideDown UIInterfaceOrientationLandscapeLeft UIInterfaceOrientationLandscapeRight";
				INFOPLIST_KEY_UISupportedInterfaceOrientations_iPhone = "UIInterfaceOrientationPortrait UIInterfaceOrientationLandscapeLeft UIInterfaceOrientationLandscapeRight";
				LD_RUNPATH_SEARCH_PATHS = (
					"$(inherited)",
					"@executable_path/Frameworks",
				);
				MARKETING_VERSION = 1.0;
				PRODUCT_BUNDLE_IDENTIFIER = edu.umich.jadb.Landmarks;
				PRODUCT_NAME = "$(TARGET_NAME)";
				SWIFT_EMIT_LOC_STRINGS = YES;
				SWIFT_VERSION = 5.0;
				TARGETED_DEVICE_FAMILY = "1,2";
			};
			name = Release;
		};
/* End XCBuildConfiguration section */

/* Begin XCConfigurationList section */
		0581CE062A4F647E00FAAB44 /* Build configuration list for PBXNativeTarget "WatchLandmarks" */ = {
			isa = XCConfigurationList;
			buildConfigurations = (
				0581CE072A4F647E00FAAB44 /* Debug */,
				0581CE082A4F647E00FAAB44 /* Release */,
			);
			defaultConfigurationIsVisible = 0;
			defaultConfigurationName = Release;
		};
		05E881AE2A0248A300629F7B /* Build configuration list for PBXProject "Landmarks" */ = {
			isa = XCConfigurationList;
			buildConfigurations = (
				05E881BF2A0248A500629F7B /* Debug */,
				05E881C02A0248A500629F7B /* Release */,
			);
			defaultConfigurationIsVisible = 0;
			defaultConfigurationName = Release;
		};
		05E881C12A0248A500629F7B /* Build configuration list for PBXNativeTarget "Landmarks" */ = {
			isa = XCConfigurationList;
			buildConfigurations = (
				05E881C22A0248A500629F7B /* Debug */,
				05E881C32A0248A500629F7B /* Release */,
			);
			defaultConfigurationIsVisible = 0;
			defaultConfigurationName = Release;
		};
/* End XCConfigurationList section */
	};
	rootObject = 05E881AB2A0248A300629F7B /* Project object */;
}
