// !$*UTF8*$!
{
	archiveVersion = 1;
	classes = {
	};
	objectVersion = 56;
	objects = {

/* Begin PBXBuildFile section */
		053B944B2A0C0138000E0CA7 /* LandmarkDetail.swift in Sources */ = {isa = PBXBuildFile; fileRef = 053B944A2A0C0138000E0CA7 /* LandmarkDetail.swift */; };
		053F9A8A2A05603200D1887B /* landmarkData.json in Resources */ = {isa = PBXBuildFile; fileRef = 053F9A892A05603200D1887B /* landmarkData.json */; };
		053F9A8C2A05604B00D1887B /* Landmark.swift in Sources */ = {isa = PBXBuildFile; fileRef = 053F9A8B2A05604B00D1887B /* Landmark.swift */; };
		053F9A8E2A0561C900D1887B /* ModelData.swift in Sources */ = {isa = PBXBuildFile; fileRef = 053F9A8D2A0561C900D1887B /* ModelData.swift */; };
		053F9A932A05699900D1887B /* LandmarkRow.swift in Sources */ = {isa = PBXBuildFile; fileRef = 053F9A922A05699900D1887B /* LandmarkRow.swift */; };
		053F9A952A056BE600D1887B /* LandmarkList.swift in Sources */ = {isa = PBXBuildFile; fileRef = 053F9A942A056BE600D1887B /* LandmarkList.swift */; };
		0547D99B2A15CBEA007BDD5D /* Badge.swift in Sources */ = {isa = PBXBuildFile; fileRef = 0547D99A2A15CBEA007BDD5D /* Badge.swift */; };
		059E68022A15B2A40096B004 /* HexagonParameters.swift in Sources */ = {isa = PBXBuildFile; fileRef = 059E68012A15B2A40096B004 /* HexagonParameters.swift */; };
		059E68062A15B4230096B004 /* BadgeBackground.swift in Sources */ = {isa = PBXBuildFile; fileRef = 059E68052A15B4230096B004 /* BadgeBackground.swift */; };
		059E68082A15C28D0096B004 /* BadgeSymbol.swift in Sources */ = {isa = PBXBuildFile; fileRef = 059E68072A15C28D0096B004 /* BadgeSymbol.swift */; };
		059E680A2A15CA140096B004 /* RotatedBadgeSymbol.swift in Sources */ = {isa = PBXBuildFile; fileRef = 059E68092A15CA140096B004 /* RotatedBadgeSymbol.swift */; };
		05A26F1B2A109241009E7649 /* FavoriteButton.swift in Sources */ = {isa = PBXBuildFile; fileRef = 05A26F1A2A109241009E7649 /* FavoriteButton.swift */; };
		05E881B72A0248A300629F7B /* LandmarksApp.swift in Sources */ = {isa = PBXBuildFile; fileRef = 05E881B62A0248A300629F7B /* LandmarksApp.swift */; };
		05E881B92A0248A300629F7B /* ContentView.swift in Sources */ = {isa = PBXBuildFile; fileRef = 05E881B82A0248A300629F7B /* ContentView.swift */; };
		05E881BB2A0248A500629F7B /* Assets.xcassets in Resources */ = {isa = PBXBuildFile; fileRef = 05E881BA2A0248A500629F7B /* Assets.xcassets */; };
		05E881BE2A0248A500629F7B /* Preview Assets.xcassets in Resources */ = {isa = PBXBuildFile; fileRef = 05E881BD2A0248A500629F7B /* Preview Assets.xcassets */; };
		05E881C72A02521000629F7B /* CircleImage.swift in Sources */ = {isa = PBXBuildFile; fileRef = 05E881C62A02521000629F7B /* CircleImage.swift */; };
		05E881C92A0252F400629F7B /* MapView.swift in Sources */ = {isa = PBXBuildFile; fileRef = 05E881C82A0252F400629F7B /* MapView.swift */; };
/* End PBXBuildFile section */

/* Begin PBXFileReference section */
		053B944A2A0C0138000E0CA7 /* LandmarkDetail.swift */ = {isa = PBXFileReference; lastKnownFileType = sourcecode.swift; path = LandmarkDetail.swift; sourceTree = "<group>"; };
		053F9A892A05603200D1887B /* landmarkData.json */ = {isa = PBXFileReference; fileEncoding = 4; lastKnownFileType = text.json; path = landmarkData.json; sourceTree = "<group>"; };
		053F9A8B2A05604B00D1887B /* Landmark.swift */ = {isa = PBXFileReference; lastKnownFileType = sourcecode.swift; path = Landmark.swift; sourceTree = "<group>"; };
		053F9A8D2A0561C900D1887B /* ModelData.swift */ = {isa = PBXFileReference; lastKnownFileType = sourcecode.swift; path = ModelData.swift; sourceTree = "<group>"; };
		053F9A922A05699900D1887B /* LandmarkRow.swift */ = {isa = PBXFileReference; lastKnownFileType = sourcecode.swift; path = LandmarkRow.swift; sourceTree = "<group>"; };
		053F9A942A056BE600D1887B /* LandmarkList.swift */ = {isa = PBXFileReference; lastKnownFileType = sourcecode.swift; path = LandmarkList.swift; sourceTree = "<group>"; };
		0547D99A2A15CBEA007BDD5D /* Badge.swift */ = {isa = PBXFileReference; lastKnownFileType = sourcecode.swift; path = Badge.swift; sourceTree = "<group>"; };
		059E68012A15B2A40096B004 /* HexagonParameters.swift */ = {isa = PBXFileReference; lastKnownFileType = sourcecode.swift; path = HexagonParameters.swift; sourceTree = "<group>"; };
		059E68052A15B4230096B004 /* BadgeBackground.swift */ = {isa = PBXFileReference; lastKnownFileType = sourcecode.swift; path = BadgeBackground.swift; sourceTree = "<group>"; };
		059E68072A15C28D0096B004 /* BadgeSymbol.swift */ = {isa = PBXFileReference; lastKnownFileType = sourcecode.swift; path = BadgeSymbol.swift; sourceTree = "<group>"; };
		059E68092A15CA140096B004 /* RotatedBadgeSymbol.swift */ = {isa = PBXFileReference; lastKnownFileType = sourcecode.swift; path = RotatedBadgeSymbol.swift; sourceTree = "<group>"; };
		05A26F1A2A109241009E7649 /* FavoriteButton.swift */ = {isa = PBXFileReference; lastKnownFileType = sourcecode.swift; path = FavoriteButton.swift; sourceTree = "<group>"; };
		05E881B32A0248A300629F7B /* Landmarks.app */ = {isa = PBXFileReference; explicitFileType = wrapper.application; includeInIndex = 0; path = Landmarks.app; sourceTree = BUILT_PRODUCTS_DIR; };
		05E881B62A0248A300629F7B /* LandmarksApp.swift */ = {isa = PBXFileReference; lastKnownFileType = sourcecode.swift; path = LandmarksApp.swift; sourceTree = "<group>"; };
		05E881B82A0248A300629F7B /* ContentView.swift */ = {isa = PBXFileReference; lastKnownFileType = sourcecode.swift; path = ContentView.swift; sourceTree = "<group>"; };
		05E881BA2A0248A500629F7B /* Assets.xcassets */ = {isa = PBXFileReference; lastKnownFileType = folder.assetcatalog; path = Assets.xcassets; sourceTree = "<group>"; };
		05E881BD2A0248A500629F7B /* Preview Assets.xcassets */ = {isa = PBXFileReference; lastKnownFileType = folder.assetcatalog; path = "Preview Assets.xcassets"; sourceTree = "<group>"; };
		05E881C62A02521000629F7B /* CircleImage.swift */ = {isa = PBXFileReference; lastKnownFileType = sourcecode.swift; path = CircleImage.swift; sourceTree = "<group>"; };
		05E881C82A0252F400629F7B /* MapView.swift */ = {isa = PBXFileReference; lastKnownFileType = sourcecode.swift; path = MapView.swift; sourceTree = "<group>"; };
/* End PBXFileReference section */

/* Begin PBXFrameworksBuildPhase section */
		05E881B02A0248A300629F7B /* Frameworks */ = {
			isa = PBXFrameworksBuildPhase;
			buildActionMask = 2147483647;
			files = (
			);
			runOnlyForDeploymentPostprocessing = 0;
		};
/* End PBXFrameworksBuildPhase section */

/* Begin PBXGroup section */
		053F9A8F2A05630900D1887B /* Views */ = {
			isa = PBXGroup;
			children = (
				05E881B82A0248A300629F7B /* ContentView.swift */,
				05A26F1D2A109330009E7649 /* Landmarks */,
				0547D99C2A15CD56007BDD5D /* Badges */,
				05A26F1C2A10931D009E7649 /* Helpers */,
			);
			path = Views;
			sourceTree = "<group>";
		};
		053F9A902A05632B00D1887B /* Model */ = {
			isa = PBXGroup;
			children = (
				053F9A8B2A05604B00D1887B /* Landmark.swift */,
				053F9A8D2A0561C900D1887B /* ModelData.swift */,
			);
			path = Model;
			sourceTree = "<group>";
		};
		053F9A912A05634100D1887B /* Resources */ = {
			isa = PBXGroup;
			children = (
				053F9A892A05603200D1887B /* landmarkData.json */,
			);
			path = Resources;
			sourceTree = "<group>";
		};
		0547D99C2A15CD56007BDD5D /* Badges */ = {
			isa = PBXGroup;
			children = (
				0547D99A2A15CBEA007BDD5D /* Badge.swift */,
				059E68052A15B4230096B004 /* BadgeBackground.swift */,
				059E68072A15C28D0096B004 /* BadgeSymbol.swift */,
				059E68092A15CA140096B004 /* RotatedBadgeSymbol.swift */,
				059E68012A15B2A40096B004 /* HexagonParameters.swift */,
			);
			path = Badges;
			sourceTree = "<group>";
		};
		05A26F1C2A10931D009E7649 /* Helpers */ = {
			isa = PBXGroup;
			children = (
				05E881C62A02521000629F7B /* CircleImage.swift */,
				05E881C82A0252F400629F7B /* MapView.swift */,
				05A26F1A2A109241009E7649 /* FavoriteButton.swift */,
			);
			path = Helpers;
			sourceTree = "<group>";
		};
		05A26F1D2A109330009E7649 /* Landmarks */ = {
			isa = PBXGroup;
			children = (
				053F9A942A056BE600D1887B /* LandmarkList.swift */,
				053F9A922A05699900D1887B /* LandmarkRow.swift */,
				053B944A2A0C0138000E0CA7 /* LandmarkDetail.swift */,
			);
			path = Landmarks;
			sourceTree = "<group>";
		};
		05E881AA2A0248A300629F7B = {
			isa = PBXGroup;
			children = (
				05E881B52A0248A300629F7B /* Landmarks */,
				05E881B42A0248A300629F7B /* Products */,
			);
			sourceTree = "<group>";
		};
		05E881B42A0248A300629F7B /* Products */ = {
			isa = PBXGroup;
			children = (
				05E881B32A0248A300629F7B /* Landmarks.app */,
			);
			name = Products;
			sourceTree = "<group>";
		};
		05E881B52A0248A300629F7B /* Landmarks */ = {
			isa = PBXGroup;
			children = (
				05E881B62A0248A300629F7B /* LandmarksApp.swift */,
				053F9A8F2A05630900D1887B /* Views */,
				053F9A902A05632B00D1887B /* Model */,
				053F9A912A05634100D1887B /* Resources */,
				05E881BA2A0248A500629F7B /* Assets.xcassets */,
				05E881BC2A0248A500629F7B /* Preview Content */,
			);
			path = Landmarks;
			sourceTree = "<group>";
		};
		05E881BC2A0248A500629F7B /* Preview Content */ = {
			isa = PBXGroup;
			children = (
				05E881BD2A0248A500629F7B /* Preview Assets.xcassets */,
			);
			path = "Preview Content";
			sourceTree = "<group>";
		};
/* End PBXGroup section */

/* Begin PBXNativeTarget section */
		05E881B22A0248A300629F7B /* Landmarks */ = {
			isa = PBXNativeTarget;
			buildConfigurationList = 05E881C12A0248A500629F7B /* Build configuration list for PBXNativeTarget "Landmarks" */;
			buildPhases = (
				05E881AF2A0248A300629F7B /* Sources */,
				05E881B02A0248A300629F7B /* Frameworks */,
				05E881B12A0248A300629F7B /* Resources */,
			);
			buildRules = (
			);
			dependencies = (
			);
			name = Landmarks;
			productName = Landmarks;
			productReference = 05E881B32A0248A300629F7B /* Landmarks.app */;
			productType = "com.apple.product-type.application";
		};
/* End PBXNativeTarget section */

/* Begin PBXProject section */
		05E881AB2A0248A300629F7B /* Project object */ = {
			isa = PBXProject;
			attributes = {
				BuildIndependentTargetsInParallel = 1;
				LastSwiftUpdateCheck = 1430;
				LastUpgradeCheck = 1430;
				TargetAttributes = {
					05E881B22A0248A300629F7B = {
						CreatedOnToolsVersion = 14.3;
					};
				};
			};
			buildConfigurationList = 05E881AE2A0248A300629F7B /* Build configuration list for PBXProject "Landmarks" */;
			compatibilityVersion = "Xcode 14.0";
			developmentRegion = en;
			hasScannedForEncodings = 0;
			knownRegions = (
				en,
				Base,
			);
			mainGroup = 05E881AA2A0248A300629F7B;
			productRefGroup = 05E881B42A0248A300629F7B /* Products */;
			projectDirPath = "";
			projectRoot = "";
			targets = (
				05E881B22A0248A300629F7B /* Landmarks */,
			);
		};
/* End PBXProject section */

/* Begin PBXResourcesBuildPhase section */
		05E881B12A0248A300629F7B /* Resources */ = {
			isa = PBXResourcesBuildPhase;
			buildActionMask = 2147483647;
			files = (
				05E881BE2A0248A500629F7B /* Preview Assets.xcassets in Resources */,
				05E881BB2A0248A500629F7B /* Assets.xcassets in Resources */,
				053F9A8A2A05603200D1887B /* landmarkData.json in Resources */,
			);
			runOnlyForDeploymentPostprocessing = 0;
		};
/* End PBXResourcesBuildPhase section */

/* Begin PBXSourcesBuildPhase section */
		05E881AF2A0248A300629F7B /* Sources */ = {
			isa = PBXSourcesBuildPhase;
			buildActionMask = 2147483647;
			files = (
				05E881B92A0248A300629F7B /* ContentView.swift in Sources */,
				0547D99B2A15CBEA007BDD5D /* Badge.swift in Sources */,
				05E881C92A0252F400629F7B /* MapView.swift in Sources */,
				05E881B72A0248A300629F7B /* LandmarksApp.swift in Sources */,
				05A26F1B2A109241009E7649 /* FavoriteButton.swift in Sources */,
				059E68022A15B2A40096B004 /* HexagonParameters.swift in Sources */,
				059E680A2A15CA140096B004 /* RotatedBadgeSymbol.swift in Sources */,
				059E68082A15C28D0096B004 /* BadgeSymbol.swift in Sources */,
				05E881C72A02521000629F7B /* CircleImage.swift in Sources */,
				053B944B2A0C0138000E0CA7 /* LandmarkDetail.swift in Sources */,
				059E68062A15B4230096B004 /* BadgeBackground.swift in Sources */,
				053F9A8C2A05604B00D1887B /* Landmark.swift in Sources */,
				053F9A932A05699900D1887B /* LandmarkRow.swift in Sources */,
				053F9A8E2A0561C900D1887B /* ModelData.swift in Sources */,
				053F9A952A056BE600D1887B /* LandmarkList.swift in Sources */,
			);
			runOnlyForDeploymentPostprocessing = 0;
		};
/* End PBXSourcesBuildPhase section */

/* Begin XCBuildConfiguration section */
		05E881BF2A0248A500629F7B /* Debug */ = {
			isa = XCBuildConfiguration;
			buildSettings = {
				ALWAYS_SEARCH_USER_PATHS = NO;
				CLANG_ANALYZER_NONNULL = YES;
				CLANG_ANALYZER_NUMBER_OBJECT_CONVERSION = YES_AGGRESSIVE;
				CLANG_CXX_LANGUAGE_STANDARD = "gnu++20";
				CLANG_ENABLE_MODULES = YES;
				CLANG_ENABLE_OBJC_ARC = YES;
				CLANG_ENABLE_OBJC_WEAK = YES;
				CLANG_WARN_BLOCK_CAPTURE_AUTORELEASING = YES;
				CLANG_WARN_BOOL_CONVERSION = YES;
				CLANG_WARN_COMMA = YES;
				CLANG_WARN_CONSTANT_CONVERSION = YES;
				CLANG_WARN_DEPRECATED_OBJC_IMPLEMENTATIONS = YES;
				CLANG_WARN_DIRECT_OBJC_ISA_USAGE = YES_ERROR;
				CLANG_WARN_DOCUMENTATION_COMMENTS = YES;
				CLANG_WARN_EMPTY_BODY = YES;
				CLANG_WARN_ENUM_CONVERSION = YES;
				CLANG_WARN_INFINITE_RECURSION = YES;
				CLANG_WARN_INT_CONVERSION = YES;
				CLANG_WARN_NON_LITERAL_NULL_CONVERSION = YES;
				CLANG_WARN_OBJC_IMPLICIT_RETAIN_SELF = YES;
				CLANG_WARN_OBJC_LITERAL_CONVERSION = YES;
				CLANG_WARN_OBJC_ROOT_CLASS = YES_ERROR;
				CLANG_WARN_QUOTED_INCLUDE_IN_FRAMEWORK_HEADER = YES;
				CLANG_WARN_RANGE_LOOP_ANALYSIS = YES;
				CLANG_WARN_STRICT_PROTOTYPES = YES;
				CLANG_WARN_SUSPICIOUS_MOVE = YES;
				CLANG_WARN_UNGUARDED_AVAILABILITY = YES_AGGRESSIVE;
				CLANG_WARN_UNREACHABLE_CODE = YES;
				CLANG_WARN__DUPLICATE_METHOD_MATCH = YES;
				COPY_PHASE_STRIP = NO;
				DEBUG_INFORMATION_FORMAT = dwarf;
				ENABLE_STRICT_OBJC_MSGSEND = YES;
				ENABLE_TESTABILITY = YES;
				GCC_C_LANGUAGE_STANDARD = gnu11;
				GCC_DYNAMIC_NO_PIC = NO;
				GCC_NO_COMMON_BLOCKS = YES;
				GCC_OPTIMIZATION_LEVEL = 0;
				GCC_PREPROCESSOR_DEFINITIONS = (
					"DEBUG=1",
					"$(inherited)",
				);
				GCC_WARN_64_TO_32_BIT_CONVERSION = YES;
				GCC_WARN_ABOUT_RETURN_TYPE = YES_ERROR;
				GCC_WARN_UNDECLARED_SELECTOR = YES;
				GCC_WARN_UNINITIALIZED_AUTOS = YES_AGGRESSIVE;
				GCC_WARN_UNUSED_FUNCTION = YES;
				GCC_WARN_UNUSED_VARIABLE = YES;
				IPHONEOS_DEPLOYMENT_TARGET = 16.4;
				MTL_ENABLE_DEBUG_INFO = INCLUDE_SOURCE;
				MTL_FAST_MATH = YES;
				ONLY_ACTIVE_ARCH = YES;
				SDKROOT = iphoneos;
				SWIFT_ACTIVE_COMPILATION_CONDITIONS = DEBUG;
				SWIFT_OPTIMIZATION_LEVEL = "-Onone";
			};
			name = Debug;
		};
		05E881C02A0248A500629F7B /* Release */ = {
			isa = XCBuildConfiguration;
			buildSettings = {
				ALWAYS_SEARCH_USER_PATHS = NO;
				CLANG_ANALYZER_NONNULL = YES;
				CLANG_ANALYZER_NUMBER_OBJECT_CONVERSION = YES_AGGRESSIVE;
				CLANG_CXX_LANGUAGE_STANDARD = "gnu++20";
				CLANG_ENABLE_MODULES = YES;
				CLANG_ENABLE_OBJC_ARC = YES;
				CLANG_ENABLE_OBJC_WEAK = YES;
				CLANG_WARN_BLOCK_CAPTURE_AUTORELEASING = YES;
				CLANG_WARN_BOOL_CONVERSION = YES;
				CLANG_WARN_COMMA = YES;
				CLANG_WARN_CONSTANT_CONVERSION = YES;
				CLANG_WARN_DEPRECATED_OBJC_IMPLEMENTATIONS = YES;
				CLANG_WARN_DIRECT_OBJC_ISA_USAGE = YES_ERROR;
				CLANG_WARN_DOCUMENTATION_COMMENTS = YES;
				CLANG_WARN_EMPTY_BODY = YES;
				CLANG_WARN_ENUM_CONVERSION = YES;
				CLANG_WARN_INFINITE_RECURSION = YES;
				CLANG_WARN_INT_CONVERSION = YES;
				CLANG_WARN_NON_LITERAL_NULL_CONVERSION = YES;
				CLANG_WARN_OBJC_IMPLICIT_RETAIN_SELF = YES;
				CLANG_WARN_OBJC_LITERAL_CONVERSION = YES;
				CLANG_WARN_OBJC_ROOT_CLASS = YES_ERROR;
				CLANG_WARN_QUOTED_INCLUDE_IN_FRAMEWORK_HEADER = YES;
				CLANG_WARN_RANGE_LOOP_ANALYSIS = YES;
				CLANG_WARN_STRICT_PROTOTYPES = YES;
				CLANG_WARN_SUSPICIOUS_MOVE = YES;
				CLANG_WARN_UNGUARDED_AVAILABILITY = YES_AGGRESSIVE;
				CLANG_WARN_UNREACHABLE_CODE = YES;
				CLANG_WARN__DUPLICATE_METHOD_MATCH = YES;
				COPY_PHASE_STRIP = NO;
				DEBUG_INFORMATION_FORMAT = "dwarf-with-dsym";
				ENABLE_NS_ASSERTIONS = NO;
				ENABLE_STRICT_OBJC_MSGSEND = YES;
				GCC_C_LANGUAGE_STANDARD = gnu11;
				GCC_NO_COMMON_BLOCKS = YES;
				GCC_WARN_64_TO_32_BIT_CONVERSION = YES;
				GCC_WARN_ABOUT_RETURN_TYPE = YES_ERROR;
				GCC_WARN_UNDECLARED_SELECTOR = YES;
				GCC_WARN_UNINITIALIZED_AUTOS = YES_AGGRESSIVE;
				GCC_WARN_UNUSED_FUNCTION = YES;
				GCC_WARN_UNUSED_VARIABLE = YES;
				IPHONEOS_DEPLOYMENT_TARGET = 16.4;
				MTL_ENABLE_DEBUG_INFO = NO;
				MTL_FAST_MATH = YES;
				SDKROOT = iphoneos;
				SWIFT_COMPILATION_MODE = wholemodule;
				SWIFT_OPTIMIZATION_LEVEL = "-O";
				VALIDATE_PRODUCT = YES;
			};
			name = Release;
		};
		05E881C22A0248A500629F7B /* Debug */ = {
			isa = XCBuildConfiguration;
			buildSettings = {
				ASSETCATALOG_COMPILER_APPICON_NAME = AppIcon;
				ASSETCATALOG_COMPILER_GLOBAL_ACCENT_COLOR_NAME = AccentColor;
				CODE_SIGN_STYLE = Automatic;
				CURRENT_PROJECT_VERSION = 1;
				DEVELOPMENT_ASSET_PATHS = "\"Landmarks/Preview Content\"";
				DEVELOPMENT_TEAM = 7NNDF6KU3D;
				ENABLE_PREVIEWS = YES;
				GENERATE_INFOPLIST_FILE = YES;
				INFOPLIST_KEY_UIApplicationSceneManifest_Generation = YES;
				INFOPLIST_KEY_UIApplicationSupportsIndirectInputEvents = YES;
				INFOPLIST_KEY_UILaunchScreen_Generation = YES;
				INFOPLIST_KEY_UISupportedInterfaceOrientations_iPad = "UIInterfaceOrientationPortrait UIInterfaceOrientationPortraitUpsideDown UIInterfaceOrientationLandscapeLeft UIInterfaceOrientationLandscapeRight";
				INFOPLIST_KEY_UISupportedInterfaceOrientations_iPhone = "UIInterfaceOrientationPortrait UIInterfaceOrientationLandscapeLeft UIInterfaceOrientationLandscapeRight";
				LD_RUNPATH_SEARCH_PATHS = (
					"$(inherited)",
					"@executable_path/Frameworks",
				);
				MARKETING_VERSION = 1.0;
				PRODUCT_BUNDLE_IDENTIFIER = edu.umich.jadb.Landmarks;
				PRODUCT_NAME = "$(TARGET_NAME)";
				SWIFT_EMIT_LOC_STRINGS = YES;
				SWIFT_VERSION = 5.0;
				TARGETED_DEVICE_FAMILY = "1,2";
			};
			name = Debug;
		};
		05E881C32A0248A500629F7B /* Release */ = {
			isa = XCBuildConfiguration;
			buildSettings = {
				ASSETCATALOG_COMPILER_APPICON_NAME = AppIcon;
				ASSETCATALOG_COMPILER_GLOBAL_ACCENT_COLOR_NAME = AccentColor;
				CODE_SIGN_STYLE = Automatic;
				CURRENT_PROJECT_VERSION = 1;
				DEVELOPMENT_ASSET_PATHS = "\"Landmarks/Preview Content\"";
				DEVELOPMENT_TEAM = 7NNDF6KU3D;
				ENABLE_PREVIEWS = YES;
				GENERATE_INFOPLIST_FILE = YES;
				INFOPLIST_KEY_UIApplicationSceneManifest_Generation = YES;
				INFOPLIST_KEY_UIApplicationSupportsIndirectInputEvents = YES;
				INFOPLIST_KEY_UILaunchScreen_Generation = YES;
				INFOPLIST_KEY_UISupportedInterfaceOrientations_iPad = "UIInterfaceOrientationPortrait UIInterfaceOrientationPortraitUpsideDown UIInterfaceOrientationLandscapeLeft UIInterfaceOrientationLandscapeRight";
				INFOPLIST_KEY_UISupportedInterfaceOrientations_iPhone = "UIInterfaceOrientationPortrait UIInterfaceOrientationLandscapeLeft UIInterfaceOrientationLandscapeRight";
				LD_RUNPATH_SEARCH_PATHS = (
					"$(inherited)",
					"@executable_path/Frameworks",
				);
				MARKETING_VERSION = 1.0;
				PRODUCT_BUNDLE_IDENTIFIER = edu.umich.jadb.Landmarks;
				PRODUCT_NAME = "$(TARGET_NAME)";
				SWIFT_EMIT_LOC_STRINGS = YES;
				SWIFT_VERSION = 5.0;
				TARGETED_DEVICE_FAMILY = "1,2";
			};
			name = Release;
		};
/* End XCBuildConfiguration section */

/* Begin XCConfigurationList section */
		05E881AE2A0248A300629F7B /* Build configuration list for PBXProject "Landmarks" */ = {
			isa = XCConfigurationList;
			buildConfigurations = (
				05E881BF2A0248A500629F7B /* Debug */,
				05E881C02A0248A500629F7B /* Release */,
			);
			defaultConfigurationIsVisible = 0;
			defaultConfigurationName = Release;
		};
		05E881C12A0248A500629F7B /* Build configuration list for PBXNativeTarget "Landmarks" */ = {
			isa = XCConfigurationList;
			buildConfigurations = (
				05E881C22A0248A500629F7B /* Debug */,
				05E881C32A0248A500629F7B /* Release */,
			);
			defaultConfigurationIsVisible = 0;
			defaultConfigurationName = Release;
		};
/* End XCConfigurationList section */
	};
	rootObject = 05E881AB2A0248A300629F7B /* Project object */;
}
